// !$*UTF8*$!
{
	archiveVersion = 1;
	classes = {
	};
	objectVersion = 46;
	objects = {

/* Begin PBXBuildFile section */
		06271E691CA2961800902B92 /* README.md in Sources */ = {isa = PBXBuildFile; fileRef = 06271E681CA2961800902B92 /* README.md */; };
		06DBD2091CA0E0A900B41B59 /* bgImage_HL@2x.png in Resources */ = {isa = PBXBuildFile; fileRef = 06DBD2071CA0E0A800B41B59 /* bgImage_HL@2x.png */; };
		06DBD20A1CA0E0A900B41B59 /* cellLine@2x.png in Resources */ = {isa = PBXBuildFile; fileRef = 06DBD2081CA0E0A900B41B59 /* cellLine@2x.png */; };
		06DBD20D1CA0EF4100B41B59 /* HYCollectionPicker.m in Sources */ = {isa = PBXBuildFile; fileRef = 06DBD20C1CA0EF4100B41B59 /* HYCollectionPicker.m */; };
		06DBD2101CA0F8E900B41B59 /* HYPickerCollectionViewCell.m in Sources */ = {isa = PBXBuildFile; fileRef = 06DBD20F1CA0F8E900B41B59 /* HYPickerCollectionViewCell.m */; };
		06DBD2131CA1280D00B41B59 /* gobike80.png in Resources */ = {isa = PBXBuildFile; fileRef = 06DBD2121CA1280D00B41B59 /* gobike80.png */; };
		06DBD2151CA1281D00B41B59 /* game_center@2x.png in Resources */ = {isa = PBXBuildFile; fileRef = 06DBD2141CA1281D00B41B59 /* game_center@2x.png */; };
		06DBD2171CA1282700B41B59 /* GreenBtn@2x.png in Resources */ = {isa = PBXBuildFile; fileRef = 06DBD2161CA1282700B41B59 /* GreenBtn@2x.png */; };
		06DBD2191CA1283100B41B59 /* head_mail.png in Resources */ = {isa = PBXBuildFile; fileRef = 06DBD2181CA1283100B41B59 /* head_mail.png */; };
		06DBD21B1CA1283F00B41B59 /* heartbeat@2x.png in Resources */ = {isa = PBXBuildFile; fileRef = 06DBD21A1CA1283F00B41B59 /* heartbeat@2x.png */; };
		06DBD21D1CA1284900B41B59 /* icon_base@2x.png in Resources */ = {isa = PBXBuildFile; fileRef = 06DBD21C1CA1284900B41B59 /* icon_base@2x.png */; };
		06E4B9EA1CA387B0000E221D /* HYCollectionButton.m in Sources */ = {isa = PBXBuildFile; fileRef = 06E4B9E91CA387B0000E221D /* HYCollectionButton.m */; };
		06E4B9ED1CA3D15C000E221D /* HYCollectionLayout.m in Sources */ = {isa = PBXBuildFile; fileRef = 06E4B9EC1CA3D15C000E221D /* HYCollectionLayout.m */; };
		06F297E71C9FD566001165B9 /* main.m in Sources */ = {isa = PBXBuildFile; fileRef = 06F297E61C9FD566001165B9 /* main.m */; };
		06F297EA1C9FD566001165B9 /* AppDelegate.m in Sources */ = {isa = PBXBuildFile; fileRef = 06F297E91C9FD566001165B9 /* AppDelegate.m */; };
		06F297ED1C9FD566001165B9 /* ViewController.m in Sources */ = {isa = PBXBuildFile; fileRef = 06F297EC1C9FD566001165B9 /* ViewController.m */; };
		06F297F01C9FD566001165B9 /* Main.storyboard in Resources */ = {isa = PBXBuildFile; fileRef = 06F297EE1C9FD566001165B9 /* Main.storyboard */; };
		06F297F21C9FD566001165B9 /* Assets.xcassets in Resources */ = {isa = PBXBuildFile; fileRef = 06F297F11C9FD566001165B9 /* Assets.xcassets */; };
		06F297F51C9FD566001165B9 /* LaunchScreen.storyboard in Resources */ = {isa = PBXBuildFile; fileRef = 06F297F31C9FD566001165B9 /* LaunchScreen.storyboard */; };
		06F297FF1C9FDFCD001165B9 /* HYActionSheet.m in Sources */ = {isa = PBXBuildFile; fileRef = 06F297FE1C9FDFCD001165B9 /* HYActionSheet.m */; };
/* End PBXBuildFile section */

/* Begin PBXFileReference section */
		06271E681CA2961800902B92 /* README.md */ = {isa = PBXFileReference; fileEncoding = 4; lastKnownFileType = net.daringfireball.markdown; path = README.md; sourceTree = "<group>"; };
		06DBD2071CA0E0A800B41B59 /* bgImage_HL@2x.png */ = {isa = PBXFileReference; lastKnownFileType = image.png; path = "bgImage_HL@2x.png"; sourceTree = "<group>"; };
		06DBD2081CA0E0A900B41B59 /* cellLine@2x.png */ = {isa = PBXFileReference; lastKnownFileType = image.png; path = "cellLine@2x.png"; sourceTree = "<group>"; };
		06DBD20B1CA0EF4100B41B59 /* HYCollectionPicker.h */ = {isa = PBXFileReference; fileEncoding = 4; lastKnownFileType = sourcecode.c.h; path = HYCollectionPicker.h; sourceTree = "<group>"; };
		06DBD20C1CA0EF4100B41B59 /* HYCollectionPicker.m */ = {isa = PBXFileReference; fileEncoding = 4; lastKnownFileType = sourcecode.c.objc; path = HYCollectionPicker.m; sourceTree = "<group>"; };
		06DBD20E1CA0F8E900B41B59 /* HYPickerCollectionViewCell.h */ = {isa = PBXFileReference; fileEncoding = 4; lastKnownFileType = sourcecode.c.h; path = HYPickerCollectionViewCell.h; sourceTree = "<group>"; };
		06DBD20F1CA0F8E900B41B59 /* HYPickerCollectionViewCell.m */ = {isa = PBXFileReference; fileEncoding = 4; lastKnownFileType = sourcecode.c.objc; path = HYPickerCollectionViewCell.m; sourceTree = "<group>"; };
		06DBD2121CA1280D00B41B59 /* gobike80.png */ = {isa = PBXFileReference; lastKnownFileType = image.png; path = gobike80.png; sourceTree = "<group>"; };
		06DBD2141CA1281D00B41B59 /* game_center@2x.png */ = {isa = PBXFileReference; lastKnownFileType = image.png; path = "game_center@2x.png"; sourceTree = "<group>"; };
		06DBD2161CA1282700B41B59 /* GreenBtn@2x.png */ = {isa = PBXFileReference; lastKnownFileType = image.png; path = "GreenBtn@2x.png"; sourceTree = "<group>"; };
		06DBD2181CA1283100B41B59 /* head_mail.png */ = {isa = PBXFileReference; lastKnownFileType = image.png; path = head_mail.png; sourceTree = "<group>"; };
		06DBD21A1CA1283F00B41B59 /* heartbeat@2x.png */ = {isa = PBXFileReference; lastKnownFileType = image.png; path = "heartbeat@2x.png"; sourceTree = "<group>"; };
		06DBD21C1CA1284900B41B59 /* icon_base@2x.png */ = {isa = PBXFileReference; lastKnownFileType = image.png; path = "icon_base@2x.png"; sourceTree = "<group>"; };
		06E4B9E81CA387B0000E221D /* HYCollectionButton.h */ = {isa = PBXFileReference; fileEncoding = 4; lastKnownFileType = sourcecode.c.h; path = HYCollectionButton.h; sourceTree = "<group>"; };
		06E4B9E91CA387B0000E221D /* HYCollectionButton.m */ = {isa = PBXFileReference; fileEncoding = 4; lastKnownFileType = sourcecode.c.objc; path = HYCollectionButton.m; sourceTree = "<group>"; };
		06E4B9EB1CA3D15C000E221D /* HYCollectionLayout.h */ = {isa = PBXFileReference; fileEncoding = 4; lastKnownFileType = sourcecode.c.h; path = HYCollectionLayout.h; sourceTree = "<group>"; };
		06E4B9EC1CA3D15C000E221D /* HYCollectionLayout.m */ = {isa = PBXFileReference; fileEncoding = 4; lastKnownFileType = sourcecode.c.objc; path = HYCollectionLayout.m; sourceTree = "<group>"; };
		06F297E21C9FD566001165B9 /* HYSelectViewDemo.app */ = {isa = PBXFileReference; explicitFileType = wrapper.application; includeInIndex = 0; path = HYSelectViewDemo.app; sourceTree = BUILT_PRODUCTS_DIR; };
		06F297E61C9FD566001165B9 /* main.m */ = {isa = PBXFileReference; lastKnownFileType = sourcecode.c.objc; path = main.m; sourceTree = "<group>"; };
		06F297E81C9FD566001165B9 /* AppDelegate.h */ = {isa = PBXFileReference; lastKnownFileType = sourcecode.c.h; path = AppDelegate.h; sourceTree = "<group>"; };
		06F297E91C9FD566001165B9 /* AppDelegate.m */ = {isa = PBXFileReference; lastKnownFileType = sourcecode.c.objc; path = AppDelegate.m; sourceTree = "<group>"; };
		06F297EB1C9FD566001165B9 /* ViewController.h */ = {isa = PBXFileReference; lastKnownFileType = sourcecode.c.h; path = ViewController.h; sourceTree = "<group>"; };
		06F297EC1C9FD566001165B9 /* ViewController.m */ = {isa = PBXFileReference; lastKnownFileType = sourcecode.c.objc; path = ViewController.m; sourceTree = "<group>"; };
		06F297EF1C9FD566001165B9 /* Base */ = {isa = PBXFileReference; lastKnownFileType = file.storyboard; name = Base; path = Base.lproj/Main.storyboard; sourceTree = "<group>"; };
		06F297F11C9FD566001165B9 /* Assets.xcassets */ = {isa = PBXFileReference; lastKnownFileType = folder.assetcatalog; path = Assets.xcassets; sourceTree = "<group>"; };
		06F297F41C9FD566001165B9 /* Base */ = {isa = PBXFileReference; lastKnownFileType = file.storyboard; name = Base; path = Base.lproj/LaunchScreen.storyboard; sourceTree = "<group>"; };
		06F297F61C9FD566001165B9 /* Info.plist */ = {isa = PBXFileReference; lastKnownFileType = text.plist.xml; path = Info.plist; sourceTree = "<group>"; };
		06F297FD1C9FDFCD001165B9 /* HYActionSheet.h */ = {isa = PBXFileReference; fileEncoding = 4; lastKnownFileType = sourcecode.c.h; path = HYActionSheet.h; sourceTree = "<group>"; };
		06F297FE1C9FDFCD001165B9 /* HYActionSheet.m */ = {isa = PBXFileReference; fileEncoding = 4; lastKnownFileType = sourcecode.c.objc; path = HYActionSheet.m; sourceTree = "<group>"; };
/* End PBXFileReference section */

/* Begin PBXFrameworksBuildPhase section */
		06F297DF1C9FD566001165B9 /* Frameworks */ = {
			isa = PBXFrameworksBuildPhase;
			buildActionMask = 2147483647;
			files = (
			);
			runOnlyForDeploymentPostprocessing = 0;
		};
/* End PBXFrameworksBuildPhase section */

/* Begin PBXGroup section */
		06DBD2061CA0E0A200B41B59 /* resources */ = {
			isa = PBXGroup;
			children = (
				06DBD2071CA0E0A800B41B59 /* bgImage_HL@2x.png */,
				06DBD2081CA0E0A900B41B59 /* cellLine@2x.png */,
			);
			path = resources;
			sourceTree = "<group>";
		};
		06DBD2111CA1280300B41B59 /* images */ = {
			isa = PBXGroup;
			children = (
				06DBD21C1CA1284900B41B59 /* icon_base@2x.png */,
				06DBD2161CA1282700B41B59 /* GreenBtn@2x.png */,
				06DBD21A1CA1283F00B41B59 /* heartbeat@2x.png */,
				06DBD2141CA1281D00B41B59 /* game_center@2x.png */,
				06DBD2181CA1283100B41B59 /* head_mail.png */,
				06DBD2121CA1280D00B41B59 /* gobike80.png */,
			);
			name = images;
			sourceTree = "<group>";
		};
		06F297D91C9FD566001165B9 = {
			isa = PBXGroup;
			children = (
				06271E681CA2961800902B92 /* README.md */,
				06F297FC1C9FD60D001165B9 /* HYSelectView */,
				06F297E41C9FD566001165B9 /* HYSelectViewDemo */,
				06F297E31C9FD566001165B9 /* Products */,
			);
			sourceTree = "<group>";
		};
		06F297E31C9FD566001165B9 /* Products */ = {
			isa = PBXGroup;
			children = (
				06F297E21C9FD566001165B9 /* HYSelectViewDemo.app */,
			);
			name = Products;
			sourceTree = "<group>";
		};
		06F297E41C9FD566001165B9 /* HYSelectViewDemo */ = {
			isa = PBXGroup;
			children = (
				06DBD2111CA1280300B41B59 /* images */,
				06F297E81C9FD566001165B9 /* AppDelegate.h */,
				06F297E91C9FD566001165B9 /* AppDelegate.m */,
				06F297EB1C9FD566001165B9 /* ViewController.h */,
				06F297EC1C9FD566001165B9 /* ViewController.m */,
				06F297EE1C9FD566001165B9 /* Main.storyboard */,
				06F297F11C9FD566001165B9 /* Assets.xcassets */,
				06F297F31C9FD566001165B9 /* LaunchScreen.storyboard */,
				06F297F61C9FD566001165B9 /* Info.plist */,
				06F297E51C9FD566001165B9 /* Supporting Files */,
			);
			path = HYSelectViewDemo;
			sourceTree = "<group>";
		};
		06F297E51C9FD566001165B9 /* Supporting Files */ = {
			isa = PBXGroup;
			children = (
				06F297E61C9FD566001165B9 /* main.m */,
			);
			name = "Supporting Files";
			sourceTree = "<group>";
		};
		06F297FC1C9FD60D001165B9 /* HYSelectView */ = {
			isa = PBXGroup;
			children = (
				06DBD2061CA0E0A200B41B59 /* resources */,
				06F297FD1C9FDFCD001165B9 /* HYActionSheet.h */,
				06F297FE1C9FDFCD001165B9 /* HYActionSheet.m */,
				06DBD20B1CA0EF4100B41B59 /* HYCollectionPicker.h */,
				06DBD20C1CA0EF4100B41B59 /* HYCollectionPicker.m */,
				06E4B9EB1CA3D15C000E221D /* HYCollectionLayout.h */,
				06E4B9EC1CA3D15C000E221D /* HYCollectionLayout.m */,
				06E4B9E81CA387B0000E221D /* HYCollectionButton.h */,
				06E4B9E91CA387B0000E221D /* HYCollectionButton.m */,
				06DBD20E1CA0F8E900B41B59 /* HYPickerCollectionViewCell.h */,
				06DBD20F1CA0F8E900B41B59 /* HYPickerCollectionViewCell.m */,
			);
			path = HYSelectView;
			sourceTree = "<group>";
		};
/* End PBXGroup section */

/* Begin PBXNativeTarget section */
		06F297E11C9FD566001165B9 /* HYSelectViewDemo */ = {
			isa = PBXNativeTarget;
			buildConfigurationList = 06F297F91C9FD566001165B9 /* Build configuration list for PBXNativeTarget "HYSelectViewDemo" */;
			buildPhases = (
				06F297DE1C9FD566001165B9 /* Sources */,
				06F297DF1C9FD566001165B9 /* Frameworks */,
				06F297E01C9FD566001165B9 /* Resources */,
			);
			buildRules = (
			);
			dependencies = (
			);
			name = HYSelectViewDemo;
			productName = HYSelectViewDemo;
			productReference = 06F297E21C9FD566001165B9 /* HYSelectViewDemo.app */;
			productType = "com.apple.product-type.application";
		};
/* End PBXNativeTarget section */

/* Begin PBXProject section */
		06F297DA1C9FD566001165B9 /* Project object */ = {
			isa = PBXProject;
			attributes = {
				LastUpgradeCheck = 0710;
				ORGANIZATIONNAME = huayun;
				TargetAttributes = {
					06F297E11C9FD566001165B9 = {
						CreatedOnToolsVersion = 7.1;
						DevelopmentTeam = XE622TYZZN;
					};
				};
			};
			buildConfigurationList = 06F297DD1C9FD566001165B9 /* Build configuration list for PBXProject "HYSelectViewDemo" */;
			compatibilityVersion = "Xcode 3.2";
			developmentRegion = English;
			hasScannedForEncodings = 0;
			knownRegions = (
				en,
				Base,
			);
			mainGroup = 06F297D91C9FD566001165B9;
			productRefGroup = 06F297E31C9FD566001165B9 /* Products */;
			projectDirPath = "";
			projectRoot = "";
			targets = (
				06F297E11C9FD566001165B9 /* HYSelectViewDemo */,
			);
		};
/* End PBXProject section */

/* Begin PBXResourcesBuildPhase section */
		06F297E01C9FD566001165B9 /* Resources */ = {
			isa = PBXResourcesBuildPhase;
			buildActionMask = 2147483647;
			files = (
				06F297F51C9FD566001165B9 /* LaunchScreen.storyboard in Resources */,
				06DBD21D1CA1284900B41B59 /* icon_base@2x.png in Resources */,
				06DBD2191CA1283100B41B59 /* head_mail.png in Resources */,
				06DBD2171CA1282700B41B59 /* GreenBtn@2x.png in Resources */,
				06DBD21B1CA1283F00B41B59 /* heartbeat@2x.png in Resources */,
				06DBD20A1CA0E0A900B41B59 /* cellLine@2x.png in Resources */,
				06DBD2151CA1281D00B41B59 /* game_center@2x.png in Resources */,
				06DBD2131CA1280D00B41B59 /* gobike80.png in Resources */,
				06DBD2091CA0E0A900B41B59 /* bgImage_HL@2x.png in Resources */,
				06F297F21C9FD566001165B9 /* Assets.xcassets in Resources */,
				06F297F01C9FD566001165B9 /* Main.storyboard in Resources */,
			);
			runOnlyForDeploymentPostprocessing = 0;
		};
/* End PBXResourcesBuildPhase section */

/* Begin PBXSourcesBuildPhase section */
		06F297DE1C9FD566001165B9 /* Sources */ = {
			isa = PBXSourcesBuildPhase;
			buildActionMask = 2147483647;
			files = (
				06E4B9EA1CA387B0000E221D /* HYCollectionButton.m in Sources */,
				06E4B9ED1CA3D15C000E221D /* HYCollectionLayout.m in Sources */,
				06F297ED1C9FD566001165B9 /* ViewController.m in Sources */,
				06F297EA1C9FD566001165B9 /* AppDelegate.m in Sources */,
				06DBD20D1CA0EF4100B41B59 /* HYCollectionPicker.m in Sources */,
				06271E691CA2961800902B92 /* README.md in Sources */,
				06DBD2101CA0F8E900B41B59 /* HYPickerCollectionViewCell.m in Sources */,
				06F297FF1C9FDFCD001165B9 /* HYActionSheet.m in Sources */,
				06F297E71C9FD566001165B9 /* main.m in Sources */,
			);
			runOnlyForDeploymentPostprocessing = 0;
		};
/* End PBXSourcesBuildPhase section */

/* Begin PBXVariantGroup section */
		06F297EE1C9FD566001165B9 /* Main.storyboard */ = {
			isa = PBXVariantGroup;
			children = (
				06F297EF1C9FD566001165B9 /* Base */,
			);
			name = Main.storyboard;
			sourceTree = "<group>";
		};
		06F297F31C9FD566001165B9 /* LaunchScreen.storyboard */ = {
			isa = PBXVariantGroup;
			children = (
				06F297F41C9FD566001165B9 /* Base */,
			);
			name = LaunchScreen.storyboard;
			sourceTree = "<group>";
		};
/* End PBXVariantGroup section */

/* Begin XCBuildConfiguration section */
		06F297F71C9FD566001165B9 /* Debug */ = {
			isa = XCBuildConfiguration;
			buildSettings = {
				ALWAYS_SEARCH_USER_PATHS = NO;
				CLANG_CXX_LANGUAGE_STANDARD = "gnu++0x";
				CLANG_CXX_LIBRARY = "libc++";
				CLANG_ENABLE_MODULES = YES;
				CLANG_ENABLE_OBJC_ARC = YES;
				CLANG_WARN_BOOL_CONVERSION = YES;
				CLANG_WARN_CONSTANT_CONVERSION = YES;
				CLANG_WARN_DIRECT_OBJC_ISA_USAGE = YES_ERROR;
				CLANG_WARN_EMPTY_BODY = YES;
				CLANG_WARN_ENUM_CONVERSION = YES;
				CLANG_WARN_INT_CONVERSION = YES;
				CLANG_WARN_OBJC_ROOT_CLASS = YES_ERROR;
				CLANG_WARN_UNREACHABLE_CODE = YES;
				CLANG_WARN__DUPLICATE_METHOD_MATCH = YES;
				"CODE_SIGN_IDENTITY[sdk=iphoneos*]" = "iPhone Developer";
				COPY_PHASE_STRIP = NO;
				DEBUG_INFORMATION_FORMAT = dwarf;
				ENABLE_STRICT_OBJC_MSGSEND = YES;
				ENABLE_TESTABILITY = YES;
				GCC_C_LANGUAGE_STANDARD = gnu99;
				GCC_DYNAMIC_NO_PIC = NO;
				GCC_NO_COMMON_BLOCKS = YES;
				GCC_OPTIMIZATION_LEVEL = 0;
				GCC_PREPROCESSOR_DEFINITIONS = (
					"DEBUG=1",
					"$(inherited)",
				);
				GCC_WARN_64_TO_32_BIT_CONVERSION = YES;
				GCC_WARN_ABOUT_RETURN_TYPE = YES_ERROR;
				GCC_WARN_UNDECLARED_SELECTOR = YES;
				GCC_WARN_UNINITIALIZED_AUTOS = YES_AGGRESSIVE;
				GCC_WARN_UNUSED_FUNCTION = YES;
				GCC_WARN_UNUSED_VARIABLE = YES;
				IPHONEOS_DEPLOYMENT_TARGET = 9.1;
				MTL_ENABLE_DEBUG_INFO = YES;
				ONLY_ACTIVE_ARCH = YES;
				SDKROOT = iphoneos;
			};
			name = Debug;
		};
		06F297F81C9FD566001165B9 /* Release */ = {
			isa = XCBuildConfiguration;
			buildSettings = {
				ALWAYS_SEARCH_USER_PATHS = NO;
				CLANG_CXX_LANGUAGE_STANDARD = "gnu++0x";
				CLANG_CXX_LIBRARY = "libc++";
				CLANG_ENABLE_MODULES = YES;
				CLANG_ENABLE_OBJC_ARC = YES;
				CLANG_WARN_BOOL_CONVERSION = YES;
				CLANG_WARN_CONSTANT_CONVERSION = YES;
				CLANG_WARN_DIRECT_OBJC_ISA_USAGE = YES_ERROR;
				CLANG_WARN_EMPTY_BODY = YES;
				CLANG_WARN_ENUM_CONVERSION = YES;
				CLANG_WARN_INT_CONVERSION = YES;
				CLANG_WARN_OBJC_ROOT_CLASS = YES_ERROR;
				CLANG_WARN_UNREACHABLE_CODE = YES;
				CLANG_WARN__DUPLICATE_METHOD_MATCH = YES;
				"CODE_SIGN_IDENTITY[sdk=iphoneos*]" = "iPhone Developer";
				COPY_PHASE_STRIP = NO;
				DEBUG_INFORMATION_FORMAT = "dwarf-with-dsym";
				ENABLE_NS_ASSERTIONS = NO;
				ENABLE_STRICT_OBJC_MSGSEND = YES;
				GCC_C_LANGUAGE_STANDARD = gnu99;
				GCC_NO_COMMON_BLOCKS = YES;
				GCC_WARN_64_TO_32_BIT_CONVERSION = YES;
				GCC_WARN_ABOUT_RETURN_TYPE = YES_ERROR;
				GCC_WARN_UNDECLARED_SELECTOR = YES;
				GCC_WARN_UNINITIALIZED_AUTOS = YES_AGGRESSIVE;
				GCC_WARN_UNUSED_FUNCTION = YES;
				GCC_WARN_UNUSED_VARIABLE = YES;
				IPHONEOS_DEPLOYMENT_TARGET = 9.1;
				MTL_ENABLE_DEBUG_INFO = NO;
				SDKROOT = iphoneos;
				VALIDATE_PRODUCT = YES;
			};
			name = Release;
		};
		06F297FA1C9FD566001165B9 /* Debug */ = {
			isa = XCBuildConfiguration;
			buildSettings = {
				ASSETCATALOG_COMPILER_APPICON_NAME = AppIcon;
				INFOPLIST_FILE = HYSelectViewDemo/Info.plist;
				LD_RUNPATH_SEARCH_PATHS = "$(inherited) @executable_path/Frameworks";
				PRODUCT_BUNDLE_IDENTIFIER = huayun.HYSelectViewDemo;
				PRODUCT_NAME = "$(TARGET_NAME)";
			};
			name = Debug;
		};
		06F297FB1C9FD566001165B9 /* Release */ = {
			isa = XCBuildConfiguration;
			buildSettings = {
				ASSETCATALOG_COMPILER_APPICON_NAME = AppIcon;
				INFOPLIST_FILE = HYSelectViewDemo/Info.plist;
				LD_RUNPATH_SEARCH_PATHS = "$(inherited) @executable_path/Frameworks";
				PRODUCT_BUNDLE_IDENTIFIER = huayun.HYSelectViewDemo;
				PRODUCT_NAME = "$(TARGET_NAME)";
			};
			name = Release;
		};
/* End XCBuildConfiguration section */

/* Begin XCConfigurationList section */
		06F297DD1C9FD566001165B9 /* Build configuration list for PBXProject "HYSelectViewDemo" */ = {
			isa = XCConfigurationList;
			buildConfigurations = (
				06F297F71C9FD566001165B9 /* Debug */,
				06F297F81C9FD566001165B9 /* Release */,
			);
			defaultConfigurationIsVisible = 0;
			defaultConfigurationName = Release;
		};
		06F297F91C9FD566001165B9 /* Build configuration list for PBXNativeTarget "HYSelectViewDemo" */ = {
			isa = XCConfigurationList;
			buildConfigurations = (
				06F297FA1C9FD566001165B9 /* Debug */,
				06F297FB1C9FD566001165B9 /* Release */,
			);
			defaultConfigurationIsVisible = 0;
			defaultConfigurationName = Release;
		};
/* End XCConfigurationList section */
	};
	rootObject = 06F297DA1C9FD566001165B9 /* Project object */;
}
